lockfileVersion: '9.0'

settings:
  autoInstallPeers: true
  excludeLinksFromLockfile: false

importers:

  .:
    devDependencies:
      '@tsconfig/node20':
        specifier: ^20.1.4
        version: 20.1.4
      '@types/aws-lambda':
        specifier: 8.10.147
        version: 8.10.147
      '@types/node':
        specifier: ^20
        version: 20.17.12
      env-cmd:
        specifier: ^10.1.0
        version: 10.1.0
      prettier:
        specifier: 3.4.2
        version: 3.4.2
      sst:
        specifier: 3.4.56
        version: 3.4.56
      typescript:
        specifier: 5.5.4
        version: 5.5.4
      zod:
        specifier: ^3.24.1
        version: 3.24.1

packages:

  '@tsconfig/node20@20.1.4':
    resolution: {integrity: sha512-sqgsT69YFeLWf5NtJ4Xq/xAF8p4ZQHlmGW74Nu2tD4+g5fAsposc4ZfaaPixVu4y01BEiDCWLRDCvDM5JOsRxg==}

  '@types/aws-lambda@8.10.147':
    resolution: {integrity: sha512-nD0Z9fNIZcxYX5Mai2CTmFD7wX7UldCkW2ezCF8D1T5hdiLsnTWDGRpfRYntU6VjTdLQjOvyszru7I1c1oCQew==}

  '@types/node@20.17.12':
    resolution: {integrity: sha512-vo/wmBgMIiEA23A/knMfn/cf37VnuF52nZh5ZoW0GWt4e4sxNquibrMRJ7UQsA06+MBx9r/H1jsI9grYjQCQlw==}

  aws4fetch@1.0.20:
    resolution: {integrity: sha512-/djoAN709iY65ETD6LKCtyyEI04XIBP5xVvfmNxsEP0uJB5tyaGBztSryRr4HqMStr9R06PisQE7m9zDTXKu6g==}

  commander@4.1.1:
    resolution: {integrity: sha512-NOKm8xhkzAjzFx8B2v5OAHT+u5pRQc2UCa2Vq9jYL/31o2wi9mxBA7LIFs3sV5VSC49z6pEhfbMULvShKj26WA==}
    engines: {node: '>= 6'}

  cross-spawn@7.0.6:
    resolution: {integrity: sha512-uV2QOWP2nWzsy2aMp8aRibhi9dlzF5Hgh5SHaB9OiTGEyDTiJJyx0uy51QXdyWbtAHNua4XJzUKca3OzKUd3vA==}
    engines: {node: '>= 8'}

  env-cmd@10.1.0:
    resolution: {integrity: sha512-mMdWTT9XKN7yNth/6N6g2GuKuJTsKMDHlQFUDacb/heQRRWOTIZ42t1rMHnQu4jYxU1ajdTeJM+9eEETlqToMA==}
    engines: {node: '>=8.0.0'}
    hasBin: true

  isexe@2.0.0:
    resolution: {integrity: sha512-RHxMLp9lnKHGHRng9QFhRCMbYAcVpn69smSGcq3f36xjgVVWThj4qqLbTLlq7Ssj8B+fIQ1EuCEGI2lKsyQeIw==}

  jose@4.15.9:
    resolution: {integrity: sha512-1vUQX+IdDMVPj4k8kOxgUqlcK518yluMuGZwqlr44FS1ppZB/5GWh4rZG89erpOBOJjU/OBsnCVFfapsRz6nEA==}

  jose@5.2.3:
    resolution: {integrity: sha512-KUXdbctm1uHVL8BYhnyHkgp3zDX5KW8ZhAKVFEfUbU2P8Alpzjb+48hHvjOdQIyPshoblhzsuqOwEEAbtHVirA==}

  lru-cache@6.0.0:
    resolution: {integrity: sha512-Jo6dJ04CmSjuznwJSS3pUeWmd/H0ffTlkXXgwZi+eq1UCmqQwCh+eLsYOYCwY991i2Fah4h1BEMCx4qThGbsiA==}
    engines: {node: '>=10'}

  object-hash@2.2.0:
    resolution: {integrity: sha512-gScRMn0bS5fH+IuwyIFgnh9zBdo4DV+6GhygmWM9HyNJSgS0hScp1f5vjtm7oIIOiT9trXrShAkLFSc2IqKNgw==}
    engines: {node: '>= 6'}

  oidc-token-hash@5.0.3:
    resolution: {integrity: sha512-IF4PcGgzAr6XXSff26Sk/+P4KZFJVuHAJZj3wgO3vX2bMdNVp/QXTP3P7CEm9V1IdG8lDLY3HhiqpsE/nOwpPw==}
    engines: {node: ^10.13.0 || >=12.0.0}

  openid-client@5.6.4:
    resolution: {integrity: sha512-T1h3B10BRPKfcObdBklX639tVz+xh34O7GjofqrqiAQdm7eHsQ00ih18x6wuJ/E6FxdtS2u3FmUGPDeEcMwzNA==}

  path-key@3.1.1:
    resolution: {integrity: sha512-ojmeN0qd+y0jszEtoY48r0Peq5dwMEkIlCOu6Q5f41lfkswXuKtYrhgoTpLnyIcHm24Uhqx+5Tqm2InSwLhE6Q==}
    engines: {node: '>=8'}

  prettier@3.4.2:
    resolution: {integrity: sha512-e9MewbtFo+Fevyuxn/4rrcDAaq0IYxPGLvObpQjiZBMAzB9IGmzlnG9RZy3FFas+eBMu2vA0CszMeduow5dIuQ==}
    engines: {node: '>=14'}
    hasBin: true

  shebang-command@2.0.0:
    resolution: {integrity: sha512-kHxr2zZpYtdmrN1qDjrrX/Z1rR1kG8Dx+gkpK1G4eXmvXswmcE1hTWBWYUzlraYw1/yZp6YuDY77YtvbN0dmDA==}
    engines: {node: '>=8'}

  shebang-regex@3.0.0:
    resolution: {integrity: sha512-7++dFhtcx3353uBaq8DDR4NuxBetBzC7ZQOhmTQInHEd6bSrXdiEyzCvG07Z44UYdLShWUyXt5M/yhz8ekcb1A==}
    engines: {node: '>=8'}

  sst-darwin-arm64@3.4.56:
    resolution: {integrity: sha512-YR1cDBrLGwLGr3C6oofkOTHqsWIDJGsXcwHQf1S0iki4F1p2KdO0r7haKd+sTk0QacB8CSrt1DPkbJ5/Kgz54Q==}
    cpu: [arm64]
    os: [darwin]

  sst-darwin-x64@3.4.56:
    resolution: {integrity: sha512-R7uriMRV5kNEfUlbRM/fvLdD+FvtdqLJwy+xZoRvsH5zIOU9Roq/2baamY9cpA/7YUAeGEqYYhBdbX6Zo282Gg==}
    cpu: [x64]
    os: [darwin]

  sst-linux-arm64@3.4.56:
    resolution: {integrity: sha512-5ozkaQNSHrZtmxTOQaS9h9jcRuzT21c+0BKzfuTz2yVzAkyuWHFTvn1LLFd/DE8JtrZk0/hrjIUhMIA274EUtg==}
    cpu: [arm64]
    os: [linux]

  sst-linux-x64@3.4.56:
    resolution: {integrity: sha512-NcdvZt+eSsvYaLbEAr70QlcnVnp/sCb/kPO9f+A2dGVvYGg0hZH4oKqIR0S509iW7Pmkx3MjeaMEWQjhpP6Wwg==}
    cpu: [x64]
    os: [linux]

  sst-linux-x86@3.4.56:
    resolution: {integrity: sha512-OJYNyIHpTgReaKz9YVApAfHDi78fd3+1pFXbCOeVEic3po9URqnL65o43NSzPC1L4sX2Y5LXQecvH+QuWW8Jtw==}
    cpu: [x86]
    os: [linux]

  sst@3.4.56:
    resolution: {integrity: sha512-uohdhgXodKFyBTkDL2++KyQAFe7rvQhuOpmKQ4WkyqXE8tiQ52H6Aui5rTNDN82hkHp7YVm9rZFUQu3Kl6k7MQ==}
    hasBin: true
    peerDependencies:
      hono: 4.x
      valibot: 0.30.x
    peerDependenciesMeta:
      hono:
        optional: true
      valibot:
        optional: true

  typescript@5.5.4:
    resolution: {integrity: sha512-Mtq29sKDAEYP7aljRgtPOpTvOfbwRWlS6dPRzwjdE+C0R4brX/GUyhHSecbHMFLNBLcJIPt9nl9yG5TZ1weH+Q==}
    engines: {node: '>=14.17'}
    hasBin: true

  undici-types@6.19.8:
    resolution: {integrity: sha512-ve2KP6f/JnbPBFyobGHuerC9g1FYGn/F8n1LWTwNxCEzd6IfqTwUQcNXgEtmmQ6DlRrC1hrSrBnCZPokRrDHjw==}

  which@2.0.2:
    resolution: {integrity: sha512-BLI3Tl1TW3Pvl70l3yq3Y64i+awpwXqsGBYWkkqMtnbXgrMD+yj7rhW0kuEDxzJaYXGjEW5ogapKNMEKNMjibA==}
    engines: {node: '>= 8'}
    hasBin: true

  yallist@4.0.0:
    resolution: {integrity: sha512-3wdGidZyq5PB084XLES5TpOSRA3wjXAlIWMhum2kRcv/41Sn2emQ0dycQW4uZXLejwKvg6EsvbdlVL+FYEct7A==}

  zod@3.24.1:
    resolution: {integrity: sha512-muH7gBL9sI1nciMZV67X5fTKKBLtwpZ5VBp1vsOQzj1MhrBZ4wlVCm3gedKZWLp0Oyel8sIGfeiz54Su+OVT+A==}

snapshots:

  '@tsconfig/node20@20.1.4': {}

  '@types/aws-lambda@8.10.147': {}

  '@types/node@20.17.12':
    dependencies:
      undici-types: 6.19.8

  aws4fetch@1.0.20: {}

  commander@4.1.1: {}

  cross-spawn@7.0.6:
    dependencies:
      path-key: 3.1.1
      shebang-command: 2.0.0
      which: 2.0.2

  env-cmd@10.1.0:
    dependencies:
      commander: 4.1.1
      cross-spawn: 7.0.6

  isexe@2.0.0: {}

  jose@4.15.9: {}

  jose@5.2.3: {}

  lru-cache@6.0.0:
    dependencies:
      yallist: 4.0.0

  object-hash@2.2.0: {}

  oidc-token-hash@5.0.3: {}

  openid-client@5.6.4:
    dependencies:
      jose: 4.15.9
      lru-cache: 6.0.0
      object-hash: 2.2.0
      oidc-token-hash: 5.0.3

  path-key@3.1.1: {}

  prettier@3.4.2: {}

  shebang-command@2.0.0:
    dependencies:
      shebang-regex: 3.0.0

  shebang-regex@3.0.0: {}

  sst-darwin-arm64@3.4.56:
    optional: true

  sst-darwin-x64@3.4.56:
    optional: true

  sst-linux-arm64@3.4.56:
    optional: true

  sst-linux-x64@3.4.56:
    optional: true

  sst-linux-x86@3.4.56:
    optional: true

  sst@3.4.56:
    dependencies:
      aws4fetch: 1.0.20
      jose: 5.2.3
      openid-client: 5.6.4
    optionalDependencies:
      sst-darwin-arm64: 3.4.56
      sst-darwin-x64: 3.4.56
      sst-linux-arm64: 3.4.56
      sst-linux-x64: 3.4.56
      sst-linux-x86: 3.4.56

  typescript@5.5.4: {}

  undici-types@6.19.8: {}

  which@2.0.2:
    dependencies:
      isexe: 2.0.0

  yallist@4.0.0: {}

  zod@3.24.1: {}
